
Microsoft Visual Studio Solution File, Format Version 12.00
# Visual Studio 14
VisualStudioVersion = 14.0.25123.0
MinimumVisualStudioVersion = 10.0.40219.1
Project("{FAE04EC0-301F-11D3-BF4B-00C04F79EFBC}") = "WhenToDig96.Droid", "WhenToDig96\WhenToDig96.Droid\WhenToDig96.Droid.csproj", "{65AB1CB2-7D49-44FE-AD4E-DD377C723409}"
EndProject
Project("{FAE04EC0-301F-11D3-BF4B-00C04F79EFBC}") = "WhenToDig96.iOS", "WhenToDig96\WhenToDig96.iOS\WhenToDig96.iOS.csproj", "{48B8E16F-08A9-4216-B4E1-0C18AEE4FFC6}"
EndProject
Project("{FAE04EC0-301F-11D3-BF4B-00C04F79EFBC}") = "WhenToDig96.WinPhone", "WhenToDig96\WhenToDig96.WinPhone\WhenToDig96.WinPhone.csproj", "{9999B766-AA7D-4562-8F99-59AF05D8BA7D}"
EndProject
Project("{FAE04EC0-301F-11D3-BF4B-00C04F79EFBC}") = "WhenToDig96.UWP", "WhenToDig96\WhenToDig96.UWP\WhenToDig96.UWP.csproj", "{5F18425F-ADDC-4FAA-9D5B-511EE70208A8}"
EndProject
Project("{FAE04EC0-301F-11D3-BF4B-00C04F79EFBC}") = "WhenToDig96.Windows", "WhenToDig96\WhenToDig96.Windows\WhenToDig96.Windows.csproj", "{747B7D14-9B99-447B-83B4-35275E2BCB48}"
EndProject
Project("{FAE04EC0-301F-11D3-BF4B-00C04F79EFBC}") = "WhenToDig96", "WhenToDig96\WhenToDig96\WhenToDig96.csproj", "{8F609DED-983F-48EB-B3AD-867C158B6044}"
EndProject
Global
	GlobalSection(SolutionConfigurationPlatforms) = preSolution
		Ad-Hoc|Any CPU = Ad-Hoc|Any CPU
		Ad-Hoc|ARM = Ad-Hoc|ARM
		Ad-Hoc|iPhone = Ad-Hoc|iPhone
		Ad-Hoc|iPhoneSimulator = Ad-Hoc|iPhoneSimulator
		Ad-Hoc|x64 = Ad-Hoc|x64
		Ad-Hoc|x86 = Ad-Hoc|x86
		AppStore|Any CPU = AppStore|Any CPU
		AppStore|ARM = AppStore|ARM
		AppStore|iPhone = AppStore|iPhone
		AppStore|iPhoneSimulator = AppStore|iPhoneSimulator
		AppStore|x64 = AppStore|x64
		AppStore|x86 = AppStore|x86
		Debug|Any CPU = Debug|Any CPU
		Debug|ARM = Debug|ARM
		Debug|iPhone = Debug|iPhone
		Debug|iPhoneSimulator = Debug|iPhoneSimulator
		Debug|x64 = Debug|x64
		Debug|x86 = Debug|x86
		Release|Any CPU = Release|Any CPU
		Release|ARM = Release|ARM
		Release|iPhone = Release|iPhone
		Release|iPhoneSimulator = Release|iPhoneSimulator
		Release|x64 = Release|x64
		Release|x86 = Release|x86
	EndGlobalSection
	GlobalSection(ProjectConfigurationPlatforms) = postSolution
		{65AB1CB2-7D49-44FE-AD4E-DD377C723409}.Ad-Hoc|Any CPU.ActiveCfg = Release|Any CPU
		{65AB1CB2-7D49-44FE-AD4E-DD377C723409}.Ad-Hoc|Any CPU.Build.0 = Release|Any CPU
		{65AB1CB2-7D49-44FE-AD4E-DD377C723409}.Ad-Hoc|Any CPU.Deploy.0 = Release|Any CPU
		{65AB1CB2-7D49-44FE-AD4E-DD377C723409}.Ad-Hoc|ARM.ActiveCfg = Release|Any CPU
		{65AB1CB2-7D49-44FE-AD4E-DD377C723409}.Ad-Hoc|ARM.Build.0 = Release|Any CPU
		{65AB1CB2-7D49-44FE-AD4E-DD377C723409}.Ad-Hoc|ARM.Deploy.0 = Release|Any CPU
		{65AB1CB2-7D49-44FE-AD4E-DD377C723409}.Ad-Hoc|iPhone.ActiveCfg = Release|Any CPU
		{65AB1CB2-7D49-44FE-AD4E-DD377C723409}.Ad-Hoc|iPhone.Build.0 = Release|Any CPU
		{65AB1CB2-7D49-44FE-AD4E-DD377C723409}.Ad-Hoc|iPhone.Deploy.0 = Release|Any CPU
		{65AB1CB2-7D49-44FE-AD4E-DD377C723409}.Ad-Hoc|iPhoneSimulator.ActiveCfg = Release|Any CPU
		{65AB1CB2-7D49-44FE-AD4E-DD377C723409}.Ad-Hoc|iPhoneSimulator.Build.0 = Release|Any CPU
		{65AB1CB2-7D49-44FE-AD4E-DD377C723409}.Ad-Hoc|iPhoneSimulator.Deploy.0 = Release|Any CPU
		{65AB1CB2-7D49-44FE-AD4E-DD377C723409}.Ad-Hoc|x64.ActiveCfg = Release|Any CPU
		{65AB1CB2-7D49-44FE-AD4E-DD377C723409}.Ad-Hoc|x64.Build.0 = Release|Any CPU
		{65AB1CB2-7D49-44FE-AD4E-DD377C723409}.Ad-Hoc|x64.Deploy.0 = Release|Any CPU
		{65AB1CB2-7D49-44FE-AD4E-DD377C723409}.Ad-Hoc|x86.ActiveCfg = Release|Any CPU
		{65AB1CB2-7D49-44FE-AD4E-DD377C723409}.Ad-Hoc|x86.Build.0 = Release|Any CPU
		{65AB1CB2-7D49-44FE-AD4E-DD377C723409}.Ad-Hoc|x86.Deploy.0 = Release|Any CPU
		{65AB1CB2-7D49-44FE-AD4E-DD377C723409}.AppStore|Any CPU.ActiveCfg = Release|Any CPU
		{65AB1CB2-7D49-44FE-AD4E-DD377C723409}.AppStore|Any CPU.Build.0 = Release|Any CPU
		{65AB1CB2-7D49-44FE-AD4E-DD377C723409}.AppStore|Any CPU.Deploy.0 = Release|Any CPU
		{65AB1CB2-7D49-44FE-AD4E-DD377C723409}.AppStore|ARM.ActiveCfg = Release|Any CPU
		{65AB1CB2-7D49-44FE-AD4E-DD377C723409}.AppStore|ARM.Build.0 = Release|Any CPU
		{65AB1CB2-7D49-44FE-AD4E-DD377C723409}.AppStore|ARM.Deploy.0 = Release|Any CPU
		{65AB1CB2-7D49-44FE-AD4E-DD377C723409}.AppStore|iPhone.ActiveCfg = Release|Any CPU
		{65AB1CB2-7D49-44FE-AD4E-DD377C723409}.AppStore|iPhone.Build.0 = Release|Any CPU
		{65AB1CB2-7D49-44FE-AD4E-DD377C723409}.AppStore|iPhone.Deploy.0 = Release|Any CPU
		{65AB1CB2-7D49-44FE-AD4E-DD377C723409}.AppStore|iPhoneSimulator.ActiveCfg = Release|Any CPU
		{65AB1CB2-7D49-44FE-AD4E-DD377C723409}.AppStore|iPhoneSimulator.Build.0 = Release|Any CPU
		{65AB1CB2-7D49-44FE-AD4E-DD377C723409}.AppStore|iPhoneSimulator.Deploy.0 = Release|Any CPU
		{65AB1CB2-7D49-44FE-AD4E-DD377C723409}.AppStore|x64.ActiveCfg = Release|Any CPU
		{65AB1CB2-7D49-44FE-AD4E-DD377C723409}.AppStore|x64.Build.0 = Release|Any CPU
		{65AB1CB2-7D49-44FE-AD4E-DD377C723409}.AppStore|x64.Deploy.0 = Release|Any CPU
		{65AB1CB2-7D49-44FE-AD4E-DD377C723409}.AppStore|x86.ActiveCfg = Release|Any CPU
		{65AB1CB2-7D49-44FE-AD4E-DD377C723409}.AppStore|x86.Build.0 = Release|Any CPU
		{65AB1CB2-7D49-44FE-AD4E-DD377C723409}.AppStore|x86.Deploy.0 = Release|Any CPU
		{65AB1CB2-7D49-44FE-AD4E-DD377C723409}.Debug|Any CPU.ActiveCfg = Debug|Any CPU
		{65AB1CB2-7D49-44FE-AD4E-DD377C723409}.Debug|Any CPU.Build.0 = Debug|Any CPU
		{65AB1CB2-7D49-44FE-AD4E-DD377C723409}.Debug|Any CPU.Deploy.0 = Debug|Any CPU
		{65AB1CB2-7D49-44FE-AD4E-DD377C723409}.Debug|ARM.ActiveCfg = Debug|Any CPU
		{65AB1CB2-7D49-44FE-AD4E-DD377C723409}.Debug|ARM.Build.0 = Debug|Any CPU
		{65AB1CB2-7D49-44FE-AD4E-DD377C723409}.Debug|ARM.Deploy.0 = Debug|Any CPU
		{65AB1CB2-7D49-44FE-AD4E-DD377C723409}.Debug|iPhone.ActiveCfg = Debug|Any CPU
		{65AB1CB2-7D49-44FE-AD4E-DD377C723409}.Debug|iPhone.Build.0 = Debug|Any CPU
		{65AB1CB2-7D49-44FE-AD4E-DD377C723409}.Debug|iPhone.Deploy.0 = Debug|Any CPU
		{65AB1CB2-7D49-44FE-AD4E-DD377C723409}.Debug|iPhoneSimulator.ActiveCfg = Debug|Any CPU
		{65AB1CB2-7D49-44FE-AD4E-DD377C723409}.Debug|iPhoneSimulator.Build.0 = Debug|Any CPU
		{65AB1CB2-7D49-44FE-AD4E-DD377C723409}.Debug|iPhoneSimulator.Deploy.0 = Debug|Any CPU
		{65AB1CB2-7D49-44FE-AD4E-DD377C723409}.Debug|x64.ActiveCfg = Debug|Any CPU
		{65AB1CB2-7D49-44FE-AD4E-DD377C723409}.Debug|x64.Build.0 = Debug|Any CPU
		{65AB1CB2-7D49-44FE-AD4E-DD377C723409}.Debug|x64.Deploy.0 = Debug|Any CPU
		{65AB1CB2-7D49-44FE-AD4E-DD377C723409}.Debug|x86.ActiveCfg = Debug|Any CPU
		{65AB1CB2-7D49-44FE-AD4E-DD377C723409}.Debug|x86.Build.0 = Debug|Any CPU
		{65AB1CB2-7D49-44FE-AD4E-DD377C723409}.Debug|x86.Deploy.0 = Debug|Any CPU
		{65AB1CB2-7D49-44FE-AD4E-DD377C723409}.Release|Any CPU.ActiveCfg = Release|Any CPU
		{65AB1CB2-7D49-44FE-AD4E-DD377C723409}.Release|Any CPU.Build.0 = Release|Any CPU
		{65AB1CB2-7D49-44FE-AD4E-DD377C723409}.Release|Any CPU.Deploy.0 = Release|Any CPU
		{65AB1CB2-7D49-44FE-AD4E-DD377C723409}.Release|ARM.ActiveCfg = Release|Any CPU
		{65AB1CB2-7D49-44FE-AD4E-DD377C723409}.Release|ARM.Build.0 = Release|Any CPU
		{65AB1CB2-7D49-44FE-AD4E-DD377C723409}.Release|ARM.Deploy.0 = Release|Any CPU
		{65AB1CB2-7D49-44FE-AD4E-DD377C723409}.Release|iPhone.ActiveCfg = Release|Any CPU
		{65AB1CB2-7D49-44FE-AD4E-DD377C723409}.Release|iPhone.Build.0 = Release|Any CPU
		{65AB1CB2-7D49-44FE-AD4E-DD377C723409}.Release|iPhone.Deploy.0 = Release|Any CPU
		{65AB1CB2-7D49-44FE-AD4E-DD377C723409}.Release|iPhoneSimulator.ActiveCfg = Release|Any CPU
		{65AB1CB2-7D49-44FE-AD4E-DD377C723409}.Release|iPhoneSimulator.Build.0 = Release|Any CPU
		{65AB1CB2-7D49-44FE-AD4E-DD377C723409}.Release|iPhoneSimulator.Deploy.0 = Release|Any CPU
		{65AB1CB2-7D49-44FE-AD4E-DD377C723409}.Release|x64.ActiveCfg = Release|Any CPU
		{65AB1CB2-7D49-44FE-AD4E-DD377C723409}.Release|x64.Build.0 = Release|Any CPU
		{65AB1CB2-7D49-44FE-AD4E-DD377C723409}.Release|x64.Deploy.0 = Release|Any CPU
		{65AB1CB2-7D49-44FE-AD4E-DD377C723409}.Release|x86.ActiveCfg = Release|Any CPU
		{65AB1CB2-7D49-44FE-AD4E-DD377C723409}.Release|x86.Build.0 = Release|Any CPU
		{65AB1CB2-7D49-44FE-AD4E-DD377C723409}.Release|x86.Deploy.0 = Release|Any CPU
		{48B8E16F-08A9-4216-B4E1-0C18AEE4FFC6}.Ad-Hoc|Any CPU.ActiveCfg = Ad-Hoc|iPhone
		{48B8E16F-08A9-4216-B4E1-0C18AEE4FFC6}.Ad-Hoc|ARM.ActiveCfg = Ad-Hoc|iPhone
		{48B8E16F-08A9-4216-B4E1-0C18AEE4FFC6}.Ad-Hoc|iPhone.ActiveCfg = Ad-Hoc|iPhone
		{48B8E16F-08A9-4216-B4E1-0C18AEE4FFC6}.Ad-Hoc|iPhone.Build.0 = Ad-Hoc|iPhone
		{48B8E16F-08A9-4216-B4E1-0C18AEE4FFC6}.Ad-Hoc|iPhoneSimulator.ActiveCfg = Ad-Hoc|iPhoneSimulator
		{48B8E16F-08A9-4216-B4E1-0C18AEE4FFC6}.Ad-Hoc|iPhoneSimulator.Build.0 = Ad-Hoc|iPhoneSimulator
		{48B8E16F-08A9-4216-B4E1-0C18AEE4FFC6}.Ad-Hoc|x64.ActiveCfg = Ad-Hoc|iPhone
		{48B8E16F-08A9-4216-B4E1-0C18AEE4FFC6}.Ad-Hoc|x86.ActiveCfg = Ad-Hoc|iPhone
		{48B8E16F-08A9-4216-B4E1-0C18AEE4FFC6}.AppStore|Any CPU.ActiveCfg = AppStore|iPhone
		{48B8E16F-08A9-4216-B4E1-0C18AEE4FFC6}.AppStore|ARM.ActiveCfg = AppStore|iPhone
		{48B8E16F-08A9-4216-B4E1-0C18AEE4FFC6}.AppStore|iPhone.ActiveCfg = AppStore|iPhone
		{48B8E16F-08A9-4216-B4E1-0C18AEE4FFC6}.AppStore|iPhone.Build.0 = AppStore|iPhone
		{48B8E16F-08A9-4216-B4E1-0C18AEE4FFC6}.AppStore|iPhoneSimulator.ActiveCfg = AppStore|iPhoneSimulator
		{48B8E16F-08A9-4216-B4E1-0C18AEE4FFC6}.AppStore|iPhoneSimulator.Build.0 = AppStore|iPhoneSimulator
		{48B8E16F-08A9-4216-B4E1-0C18AEE4FFC6}.AppStore|x64.ActiveCfg = AppStore|iPhone
		{48B8E16F-08A9-4216-B4E1-0C18AEE4FFC6}.AppStore|x86.ActiveCfg = AppStore|iPhone
		{48B8E16F-08A9-4216-B4E1-0C18AEE4FFC6}.Debug|Any CPU.ActiveCfg = Debug|iPhone
		{48B8E16F-08A9-4216-B4E1-0C18AEE4FFC6}.Debug|ARM.ActiveCfg = Debug|iPhone
		{48B8E16F-08A9-4216-B4E1-0C18AEE4FFC6}.Debug|iPhone.ActiveCfg = Debug|iPhone
		{48B8E16F-08A9-4216-B4E1-0C18AEE4FFC6}.Debug|iPhone.Build.0 = Debug|iPhone
		{48B8E16F-08A9-4216-B4E1-0C18AEE4FFC6}.Debug|iPhoneSimulator.ActiveCfg = Debug|iPhoneSimulator
		{48B8E16F-08A9-4216-B4E1-0C18AEE4FFC6}.Debug|iPhoneSimulator.Build.0 = Debug|iPhoneSimulator
		{48B8E16F-08A9-4216-B4E1-0C18AEE4FFC6}.Debug|x64.ActiveCfg = Debug|iPhone
		{48B8E16F-08A9-4216-B4E1-0C18AEE4FFC6}.Debug|x86.ActiveCfg = Debug|iPhone
		{48B8E16F-08A9-4216-B4E1-0C18AEE4FFC6}.Release|Any CPU.ActiveCfg = Release|iPhone
		{48B8E16F-08A9-4216-B4E1-0C18AEE4FFC6}.Release|ARM.ActiveCfg = Release|iPhone
		{48B8E16F-08A9-4216-B4E1-0C18AEE4FFC6}.Release|iPhone.ActiveCfg = Release|iPhone
		{48B8E16F-08A9-4216-B4E1-0C18AEE4FFC6}.Release|iPhone.Build.0 = Release|iPhone
		{48B8E16F-08A9-4216-B4E1-0C18AEE4FFC6}.Release|iPhoneSimulator.ActiveCfg = Release|iPhoneSimulator
		{48B8E16F-08A9-4216-B4E1-0C18AEE4FFC6}.Release|iPhoneSimulator.Build.0 = Release|iPhoneSimulator
		{48B8E16F-08A9-4216-B4E1-0C18AEE4FFC6}.Release|x64.ActiveCfg = Release|iPhone
		{48B8E16F-08A9-4216-B4E1-0C18AEE4FFC6}.Release|x86.ActiveCfg = Release|iPhone
		{9999B766-AA7D-4562-8F99-59AF05D8BA7D}.Ad-Hoc|Any CPU.ActiveCfg = Release|Any CPU
		{9999B766-AA7D-4562-8F99-59AF05D8BA7D}.Ad-Hoc|Any CPU.Build.0 = Release|Any CPU
		{9999B766-AA7D-4562-8F99-59AF05D8BA7D}.Ad-Hoc|Any CPU.Deploy.0 = Release|Any CPU
		{9999B766-AA7D-4562-8F99-59AF05D8BA7D}.Ad-Hoc|ARM.ActiveCfg = Release|ARM
		{9999B766-AA7D-4562-8F99-59AF05D8BA7D}.Ad-Hoc|ARM.Build.0 = Release|ARM
		{9999B766-AA7D-4562-8F99-59AF05D8BA7D}.Ad-Hoc|ARM.Deploy.0 = Release|ARM
		{9999B766-AA7D-4562-8F99-59AF05D8BA7D}.Ad-Hoc|iPhone.ActiveCfg = Release|Any CPU
		{9999B766-AA7D-4562-8F99-59AF05D8BA7D}.Ad-Hoc|iPhone.Build.0 = Release|Any CPU
		{9999B766-AA7D-4562-8F99-59AF05D8BA7D}.Ad-Hoc|iPhone.Deploy.0 = Release|Any CPU
		{9999B766-AA7D-4562-8F99-59AF05D8BA7D}.Ad-Hoc|iPhoneSimulator.ActiveCfg = Release|Any CPU
		{9999B766-AA7D-4562-8F99-59AF05D8BA7D}.Ad-Hoc|iPhoneSimulator.Build.0 = Release|Any CPU
		{9999B766-AA7D-4562-8F99-59AF05D8BA7D}.Ad-Hoc|iPhoneSimulator.Deploy.0 = Release|Any CPU
		{9999B766-AA7D-4562-8F99-59AF05D8BA7D}.Ad-Hoc|x64.ActiveCfg = Release|Any CPU
		{9999B766-AA7D-4562-8F99-59AF05D8BA7D}.Ad-Hoc|x64.Build.0 = Release|Any CPU
		{9999B766-AA7D-4562-8F99-59AF05D8BA7D}.Ad-Hoc|x64.Deploy.0 = Release|Any CPU
		{9999B766-AA7D-4562-8F99-59AF05D8BA7D}.Ad-Hoc|x86.ActiveCfg = Release|x86
		{9999B766-AA7D-4562-8F99-59AF05D8BA7D}.Ad-Hoc|x86.Build.0 = Release|x86
		{9999B766-AA7D-4562-8F99-59AF05D8BA7D}.Ad-Hoc|x86.Deploy.0 = Release|x86
		{9999B766-AA7D-4562-8F99-59AF05D8BA7D}.AppStore|Any CPU.ActiveCfg = Release|Any CPU
		{9999B766-AA7D-4562-8F99-59AF05D8BA7D}.AppStore|Any CPU.Build.0 = Release|Any CPU
		{9999B766-AA7D-4562-8F99-59AF05D8BA7D}.AppStore|Any CPU.Deploy.0 = Release|Any CPU
		{9999B766-AA7D-4562-8F99-59AF05D8BA7D}.AppStore|ARM.ActiveCfg = Release|ARM
		{9999B766-AA7D-4562-8F99-59AF05D8BA7D}.AppStore|ARM.Build.0 = Release|ARM
		{9999B766-AA7D-4562-8F99-59AF05D8BA7D}.AppStore|ARM.Deploy.0 = Release|ARM
		{9999B766-AA7D-4562-8F99-59AF05D8BA7D}.AppStore|iPhone.ActiveCfg = Release|Any CPU
		{9999B766-AA7D-4562-8F99-59AF05D8BA7D}.AppStore|iPhone.Build.0 = Release|Any CPU
		{9999B766-AA7D-4562-8F99-59AF05D8BA7D}.AppStore|iPhone.Deploy.0 = Release|Any CPU
		{9999B766-AA7D-4562-8F99-59AF05D8BA7D}.AppStore|iPhoneSimulator.ActiveCfg = Release|Any CPU
		{9999B766-AA7D-4562-8F99-59AF05D8BA7D}.AppStore|iPhoneSimulator.Build.0 = Release|Any CPU
		{9999B766-AA7D-4562-8F99-59AF05D8BA7D}.AppStore|iPhoneSimulator.Deploy.0 = Release|Any CPU
		{9999B766-AA7D-4562-8F99-59AF05D8BA7D}.AppStore|x64.ActiveCfg = Release|Any CPU
		{9999B766-AA7D-4562-8F99-59AF05D8BA7D}.AppStore|x64.Build.0 = Release|Any CPU
		{9999B766-AA7D-4562-8F99-59AF05D8BA7D}.AppStore|x64.Deploy.0 = Release|Any CPU
		{9999B766-AA7D-4562-8F99-59AF05D8BA7D}.AppStore|x86.ActiveCfg = Release|x86
		{9999B766-AA7D-4562-8F99-59AF05D8BA7D}.AppStore|x86.Build.0 = Release|x86
		{9999B766-AA7D-4562-8F99-59AF05D8BA7D}.AppStore|x86.Deploy.0 = Release|x86
		{9999B766-AA7D-4562-8F99-59AF05D8BA7D}.Debug|Any CPU.ActiveCfg = Debug|Any CPU
		{9999B766-AA7D-4562-8F99-59AF05D8BA7D}.Debug|Any CPU.Build.0 = Debug|Any CPU
		{9999B766-AA7D-4562-8F99-59AF05D8BA7D}.Debug|Any CPU.Deploy.0 = Debug|Any CPU
		{9999B766-AA7D-4562-8F99-59AF05D8BA7D}.Debug|ARM.ActiveCfg = Debug|ARM
		{9999B766-AA7D-4562-8F99-59AF05D8BA7D}.Debug|ARM.Build.0 = Debug|ARM
		{9999B766-AA7D-4562-8F99-59AF05D8BA7D}.Debug|ARM.Deploy.0 = Debug|ARM
		{9999B766-AA7D-4562-8F99-59AF05D8BA7D}.Debug|iPhone.ActiveCfg = Debug|Any CPU
		{9999B766-AA7D-4562-8F99-59AF05D8BA7D}.Debug|iPhone.Build.0 = Debug|Any CPU
		{9999B766-AA7D-4562-8F99-59AF05D8BA7D}.Debug|iPhone.Deploy.0 = Debug|Any CPU
		{9999B766-AA7D-4562-8F99-59AF05D8BA7D}.Debug|iPhoneSimulator.ActiveCfg = Debug|Any CPU
		{9999B766-AA7D-4562-8F99-59AF05D8BA7D}.Debug|iPhoneSimulator.Build.0 = Debug|Any CPU
		{9999B766-AA7D-4562-8F99-59AF05D8BA7D}.Debug|iPhoneSimulator.Deploy.0 = Debug|Any CPU
		{9999B766-AA7D-4562-8F99-59AF05D8BA7D}.Debug|x64.ActiveCfg = Debug|Any CPU
		{9999B766-AA7D-4562-8F99-59AF05D8BA7D}.Debug|x64.Build.0 = Debug|Any CPU
		{9999B766-AA7D-4562-8F99-59AF05D8BA7D}.Debug|x64.Deploy.0 = Debug|Any CPU
		{9999B766-AA7D-4562-8F99-59AF05D8BA7D}.Debug|x86.ActiveCfg = Debug|x86
		{9999B766-AA7D-4562-8F99-59AF05D8BA7D}.Debug|x86.Build.0 = Debug|x86
		{9999B766-AA7D-4562-8F99-59AF05D8BA7D}.Debug|x86.Deploy.0 = Debug|x86
		{9999B766-AA7D-4562-8F99-59AF05D8BA7D}.Release|Any CPU.ActiveCfg = Release|Any CPU
		{9999B766-AA7D-4562-8F99-59AF05D8BA7D}.Release|Any CPU.Build.0 = Release|Any CPU
		{9999B766-AA7D-4562-8F99-59AF05D8BA7D}.Release|Any CPU.Deploy.0 = Release|Any CPU
		{9999B766-AA7D-4562-8F99-59AF05D8BA7D}.Release|ARM.ActiveCfg = Release|ARM
		{9999B766-AA7D-4562-8F99-59AF05D8BA7D}.Release|ARM.Build.0 = Release|ARM
		{9999B766-AA7D-4562-8F99-59AF05D8BA7D}.Release|ARM.Deploy.0 = Release|ARM
		{9999B766-AA7D-4562-8F99-59AF05D8BA7D}.Release|iPhone.ActiveCfg = Release|Any CPU
		{9999B766-AA7D-4562-8F99-59AF05D8BA7D}.Release|iPhone.Build.0 = Release|Any CPU
		{9999B766-AA7D-4562-8F99-59AF05D8BA7D}.Release|iPhone.Deploy.0 = Release|Any CPU
		{9999B766-AA7D-4562-8F99-59AF05D8BA7D}.Release|iPhoneSimulator.ActiveCfg = Release|Any CPU
		{9999B766-AA7D-4562-8F99-59AF05D8BA7D}.Release|iPhoneSimulator.Build.0 = Release|Any CPU
		{9999B766-AA7D-4562-8F99-59AF05D8BA7D}.Release|iPhoneSimulator.Deploy.0 = Release|Any CPU
		{9999B766-AA7D-4562-8F99-59AF05D8BA7D}.Release|x64.ActiveCfg = Release|Any CPU
		{9999B766-AA7D-4562-8F99-59AF05D8BA7D}.Release|x64.Build.0 = Release|Any CPU
		{9999B766-AA7D-4562-8F99-59AF05D8BA7D}.Release|x64.Deploy.0 = Release|Any CPU
		{9999B766-AA7D-4562-8F99-59AF05D8BA7D}.Release|x86.ActiveCfg = Release|x86
		{9999B766-AA7D-4562-8F99-59AF05D8BA7D}.Release|x86.Build.0 = Release|x86
		{9999B766-AA7D-4562-8F99-59AF05D8BA7D}.Release|x86.Deploy.0 = Release|x86
		{5F18425F-ADDC-4FAA-9D5B-511EE70208A8}.Ad-Hoc|Any CPU.ActiveCfg = Release|x86
		{5F18425F-ADDC-4FAA-9D5B-511EE70208A8}.Ad-Hoc|Any CPU.Build.0 = Release|x86
		{5F18425F-ADDC-4FAA-9D5B-511EE70208A8}.Ad-Hoc|Any CPU.Deploy.0 = Release|x86
		{5F18425F-ADDC-4FAA-9D5B-511EE70208A8}.Ad-Hoc|ARM.ActiveCfg = Release|ARM
		{5F18425F-ADDC-4FAA-9D5B-511EE70208A8}.Ad-Hoc|ARM.Build.0 = Release|ARM
		{5F18425F-ADDC-4FAA-9D5B-511EE70208A8}.Ad-Hoc|ARM.Deploy.0 = Release|ARM
		{5F18425F-ADDC-4FAA-9D5B-511EE70208A8}.Ad-Hoc|iPhone.ActiveCfg = Release|x86
		{5F18425F-ADDC-4FAA-9D5B-511EE70208A8}.Ad-Hoc|iPhone.Build.0 = Release|x86
		{5F18425F-ADDC-4FAA-9D5B-511EE70208A8}.Ad-Hoc|iPhone.Deploy.0 = Release|x86
		{5F18425F-ADDC-4FAA-9D5B-511EE70208A8}.Ad-Hoc|iPhoneSimulator.ActiveCfg = Release|x86
		{5F18425F-ADDC-4FAA-9D5B-511EE70208A8}.Ad-Hoc|iPhoneSimulator.Build.0 = Release|x86
		{5F18425F-ADDC-4FAA-9D5B-511EE70208A8}.Ad-Hoc|iPhoneSimulator.Deploy.0 = Release|x86
		{5F18425F-ADDC-4FAA-9D5B-511EE70208A8}.Ad-Hoc|x64.ActiveCfg = Release|x64
		{5F18425F-ADDC-4FAA-9D5B-511EE70208A8}.Ad-Hoc|x64.Build.0 = Release|x64
		{5F18425F-ADDC-4FAA-9D5B-511EE70208A8}.Ad-Hoc|x64.Deploy.0 = Release|x64
		{5F18425F-ADDC-4FAA-9D5B-511EE70208A8}.Ad-Hoc|x86.ActiveCfg = Release|x86
		{5F18425F-ADDC-4FAA-9D5B-511EE70208A8}.Ad-Hoc|x86.Build.0 = Release|x86
		{5F18425F-ADDC-4FAA-9D5B-511EE70208A8}.Ad-Hoc|x86.Deploy.0 = Release|x86
		{5F18425F-ADDC-4FAA-9D5B-511EE70208A8}.AppStore|Any CPU.ActiveCfg = Release|x86
		{5F18425F-ADDC-4FAA-9D5B-511EE70208A8}.AppStore|Any CPU.Build.0 = Release|x86
		{5F18425F-ADDC-4FAA-9D5B-511EE70208A8}.AppStore|Any CPU.Deploy.0 = Release|x86
		{5F18425F-ADDC-4FAA-9D5B-511EE70208A8}.AppStore|ARM.ActiveCfg = Release|ARM
		{5F18425F-ADDC-4FAA-9D5B-511EE70208A8}.AppStore|ARM.Build.0 = Release|ARM
		{5F18425F-ADDC-4FAA-9D5B-511EE70208A8}.AppStore|ARM.Deploy.0 = Release|ARM
		{5F18425F-ADDC-4FAA-9D5B-511EE70208A8}.AppStore|iPhone.ActiveCfg = Release|x86
		{5F18425F-ADDC-4FAA-9D5B-511EE70208A8}.AppStore|iPhone.Build.0 = Release|x86
		{5F18425F-ADDC-4FAA-9D5B-511EE70208A8}.AppStore|iPhone.Deploy.0 = Release|x86
		{5F18425F-ADDC-4FAA-9D5B-511EE70208A8}.AppStore|iPhoneSimulator.ActiveCfg = Release|x86
		{5F18425F-ADDC-4FAA-9D5B-511EE70208A8}.AppStore|iPhoneSimulator.Build.0 = Release|x86
		{5F18425F-ADDC-4FAA-9D5B-511EE70208A8}.AppStore|iPhoneSimulator.Deploy.0 = Release|x86
		{5F18425F-ADDC-4FAA-9D5B-511EE70208A8}.AppStore|x64.ActiveCfg = Release|x64
		{5F18425F-ADDC-4FAA-9D5B-511EE70208A8}.AppStore|x64.Build.0 = Release|x64
		{5F18425F-ADDC-4FAA-9D5B-511EE70208A8}.AppStore|x64.Deploy.0 = Release|x64
		{5F18425F-ADDC-4FAA-9D5B-511EE70208A8}.AppStore|x86.ActiveCfg = Release|x86
		{5F18425F-ADDC-4FAA-9D5B-511EE70208A8}.AppStore|x86.Build.0 = Release|x86
		{5F18425F-ADDC-4FAA-9D5B-511EE70208A8}.AppStore|x86.Deploy.0 = Release|x86
		{5F18425F-ADDC-4FAA-9D5B-511EE70208A8}.Debug|Any CPU.ActiveCfg = Debug|x86
		{5F18425F-ADDC-4FAA-9D5B-511EE70208A8}.Debug|ARM.ActiveCfg = Debug|ARM
		{5F18425F-ADDC-4FAA-9D5B-511EE70208A8}.Debug|ARM.Build.0 = Debug|ARM
		{5F18425F-ADDC-4FAA-9D5B-511EE70208A8}.Debug|ARM.Deploy.0 = Debug|ARM
		{5F18425F-ADDC-4FAA-9D5B-511EE70208A8}.Debug|iPhone.ActiveCfg = Debug|x86
		{5F18425F-ADDC-4FAA-9D5B-511EE70208A8}.Debug|iPhoneSimulator.ActiveCfg = Debug|x86
		{5F18425F-ADDC-4FAA-9D5B-511EE70208A8}.Debug|x64.ActiveCfg = Debug|x64
		{5F18425F-ADDC-4FAA-9D5B-511EE70208A8}.Debug|x64.Build.0 = Debug|x64
		{5F18425F-ADDC-4FAA-9D5B-511EE70208A8}.Debug|x64.Deploy.0 = Debug|x64
		{5F18425F-ADDC-4FAA-9D5B-511EE70208A8}.Debug|x86.ActiveCfg = Debug|x86
		{5F18425F-ADDC-4FAA-9D5B-511EE70208A8}.Debug|x86.Build.0 = Debug|x86
		{5F18425F-ADDC-4FAA-9D5B-511EE70208A8}.Debug|x86.Deploy.0 = Debug|x86
		{5F18425F-ADDC-4FAA-9D5B-511EE70208A8}.Release|Any CPU.ActiveCfg = Release|x86
		{5F18425F-ADDC-4FAA-9D5B-511EE70208A8}.Release|ARM.ActiveCfg = Release|ARM
		{5F18425F-ADDC-4FAA-9D5B-511EE70208A8}.Release|ARM.Build.0 = Release|ARM
		{5F18425F-ADDC-4FAA-9D5B-511EE70208A8}.Release|ARM.Deploy.0 = Release|ARM
		{5F18425F-ADDC-4FAA-9D5B-511EE70208A8}.Release|iPhone.ActiveCfg = Release|x86
		{5F18425F-ADDC-4FAA-9D5B-511EE70208A8}.Release|iPhoneSimulator.ActiveCfg = Release|x86
		{5F18425F-ADDC-4FAA-9D5B-511EE70208A8}.Release|x64.ActiveCfg = Release|x64
		{5F18425F-ADDC-4FAA-9D5B-511EE70208A8}.Release|x64.Build.0 = Release|x64
		{5F18425F-ADDC-4FAA-9D5B-511EE70208A8}.Release|x64.Deploy.0 = Release|x64
		{5F18425F-ADDC-4FAA-9D5B-511EE70208A8}.Release|x86.ActiveCfg = Release|x86
		{5F18425F-ADDC-4FAA-9D5B-511EE70208A8}.Release|x86.Build.0 = Release|x86
		{5F18425F-ADDC-4FAA-9D5B-511EE70208A8}.Release|x86.Deploy.0 = Release|x86
		{747B7D14-9B99-447B-83B4-35275E2BCB48}.Ad-Hoc|Any CPU.ActiveCfg = Release|Any CPU
		{747B7D14-9B99-447B-83B4-35275E2BCB48}.Ad-Hoc|Any CPU.Build.0 = Release|Any CPU
		{747B7D14-9B99-447B-83B4-35275E2BCB48}.Ad-Hoc|Any CPU.Deploy.0 = Release|Any CPU
		{747B7D14-9B99-447B-83B4-35275E2BCB48}.Ad-Hoc|ARM.ActiveCfg = Release|ARM
		{747B7D14-9B99-447B-83B4-35275E2BCB48}.Ad-Hoc|ARM.Build.0 = Release|ARM
		{747B7D14-9B99-447B-83B4-35275E2BCB48}.Ad-Hoc|ARM.Deploy.0 = Release|ARM
		{747B7D14-9B99-447B-83B4-35275E2BCB48}.Ad-Hoc|iPhone.ActiveCfg = Release|Any CPU
		{747B7D14-9B99-447B-83B4-35275E2BCB48}.Ad-Hoc|iPhone.Build.0 = Release|Any CPU
		{747B7D14-9B99-447B-83B4-35275E2BCB48}.Ad-Hoc|iPhone.Deploy.0 = Release|Any CPU
		{747B7D14-9B99-447B-83B4-35275E2BCB48}.Ad-Hoc|iPhoneSimulator.ActiveCfg = Release|Any CPU
		{747B7D14-9B99-447B-83B4-35275E2BCB48}.Ad-Hoc|iPhoneSimulator.Build.0 = Release|Any CPU
		{747B7D14-9B99-447B-83B4-35275E2BCB48}.Ad-Hoc|iPhoneSimulator.Deploy.0 = Release|Any CPU
		{747B7D14-9B99-447B-83B4-35275E2BCB48}.Ad-Hoc|x64.ActiveCfg = Release|x64
		{747B7D14-9B99-447B-83B4-35275E2BCB48}.Ad-Hoc|x64.Build.0 = Release|x64
		{747B7D14-9B99-447B-83B4-35275E2BCB48}.Ad-Hoc|x64.Deploy.0 = Release|x64
		{747B7D14-9B99-447B-83B4-35275E2BCB48}.Ad-Hoc|x86.ActiveCfg = Release|x86
		{747B7D14-9B99-447B-83B4-35275E2BCB48}.Ad-Hoc|x86.Build.0 = Release|x86
		{747B7D14-9B99-447B-83B4-35275E2BCB48}.Ad-Hoc|x86.Deploy.0 = Release|x86
		{747B7D14-9B99-447B-83B4-35275E2BCB48}.AppStore|Any CPU.ActiveCfg = Release|Any CPU
		{747B7D14-9B99-447B-83B4-35275E2BCB48}.AppStore|Any CPU.Build.0 = Release|Any CPU
		{747B7D14-9B99-447B-83B4-35275E2BCB48}.AppStore|Any CPU.Deploy.0 = Release|Any CPU
		{747B7D14-9B99-447B-83B4-35275E2BCB48}.AppStore|ARM.ActiveCfg = Release|ARM
		{747B7D14-9B99-447B-83B4-35275E2BCB48}.AppStore|ARM.Build.0 = Release|ARM
		{747B7D14-9B99-447B-83B4-35275E2BCB48}.AppStore|ARM.Deploy.0 = Release|ARM
		{747B7D14-9B99-447B-83B4-35275E2BCB48}.AppStore|iPhone.ActiveCfg = Release|Any CPU
		{747B7D14-9B99-447B-83B4-35275E2BCB48}.AppStore|iPhone.Build.0 = Release|Any CPU
		{747B7D14-9B99-447B-83B4-35275E2BCB48}.AppStore|iPhone.Deploy.0 = Release|Any CPU
		{747B7D14-9B99-447B-83B4-35275E2BCB48}.AppStore|iPhoneSimulator.ActiveCfg = Release|Any CPU
		{747B7D14-9B99-447B-83B4-35275E2BCB48}.AppStore|iPhoneSimulator.Build.0 = Release|Any CPU
		{747B7D14-9B99-447B-83B4-35275E2BCB48}.AppStore|iPhoneSimulator.Deploy.0 = Release|Any CPU
		{747B7D14-9B99-447B-83B4-35275E2BCB48}.AppStore|x64.ActiveCfg = Release|x64
		{747B7D14-9B99-447B-83B4-35275E2BCB48}.AppStore|x64.Build.0 = Release|x64
		{747B7D14-9B99-447B-83B4-35275E2BCB48}.AppStore|x64.Deploy.0 = Release|x64
		{747B7D14-9B99-447B-83B4-35275E2BCB48}.AppStore|x86.ActiveCfg = Release|x86
		{747B7D14-9B99-447B-83B4-35275E2BCB48}.AppStore|x86.Build.0 = Release|x86
		{747B7D14-9B99-447B-83B4-35275E2BCB48}.AppStore|x86.Deploy.0 = Release|x86
		{747B7D14-9B99-447B-83B4-35275E2BCB48}.Debug|Any CPU.ActiveCfg = Debug|Any CPU
		{747B7D14-9B99-447B-83B4-35275E2BCB48}.Debug|Any CPU.Build.0 = Debug|Any CPU
		{747B7D14-9B99-447B-83B4-35275E2BCB48}.Debug|Any CPU.Deploy.0 = Debug|Any CPU
		{747B7D14-9B99-447B-83B4-35275E2BCB48}.Debug|ARM.ActiveCfg = Debug|ARM
		{747B7D14-9B99-447B-83B4-35275E2BCB48}.Debug|ARM.Build.0 = Debug|ARM
		{747B7D14-9B99-447B-83B4-35275E2BCB48}.Debug|ARM.Deploy.0 = Debug|ARM
		{747B7D14-9B99-447B-83B4-35275E2BCB48}.Debug|iPhone.ActiveCfg = Debug|Any CPU
		{747B7D14-9B99-447B-83B4-35275E2BCB48}.Debug|iPhone.Build.0 = Debug|Any CPU
		{747B7D14-9B99-447B-83B4-35275E2BCB48}.Debug|iPhone.Deploy.0 = Debug|Any CPU
		{747B7D14-9B99-447B-83B4-35275E2BCB48}.Debug|iPhoneSimulator.ActiveCfg = Debug|Any CPU
		{747B7D14-9B99-447B-83B4-35275E2BCB48}.Debug|iPhoneSimulator.Build.0 = Debug|Any CPU
		{747B7D14-9B99-447B-83B4-35275E2BCB48}.Debug|iPhoneSimulator.Deploy.0 = Debug|Any CPU
		{747B7D14-9B99-447B-83B4-35275E2BCB48}.Debug|x64.ActiveCfg = Debug|x64
		{747B7D14-9B99-447B-83B4-35275E2BCB48}.Debug|x64.Build.0 = Debug|x64
		{747B7D14-9B99-447B-83B4-35275E2BCB48}.Debug|x64.Deploy.0 = Debug|x64
		{747B7D14-9B99-447B-83B4-35275E2BCB48}.Debug|x86.ActiveCfg = Debug|x86
		{747B7D14-9B99-447B-83B4-35275E2BCB48}.Debug|x86.Build.0 = Debug|x86
		{747B7D14-9B99-447B-83B4-35275E2BCB48}.Debug|x86.Deploy.0 = Debug|x86
		{747B7D14-9B99-447B-83B4-35275E2BCB48}.Release|Any CPU.ActiveCfg = Release|Any CPU
		{747B7D14-9B99-447B-83B4-35275E2BCB48}.Release|Any CPU.Build.0 = Release|Any CPU
		{747B7D14-9B99-447B-83B4-35275E2BCB48}.Release|Any CPU.Deploy.0 = Release|Any CPU
		{747B7D14-9B99-447B-83B4-35275E2BCB48}.Release|ARM.ActiveCfg = Release|ARM
		{747B7D14-9B99-447B-83B4-35275E2BCB48}.Release|ARM.Build.0 = Release|ARM
		{747B7D14-9B99-447B-83B4-35275E2BCB48}.Release|ARM.Deploy.0 = Release|ARM
		{747B7D14-9B99-447B-83B4-35275E2BCB48}.Release|iPhone.ActiveCfg = Release|Any CPU
		{747B7D14-9B99-447B-83B4-35275E2BCB48}.Release|iPhone.Build.0 = Release|Any CPU
		{747B7D14-9B99-447B-83B4-35275E2BCB48}.Release|iPhone.Deploy.0 = Release|Any CPU
		{747B7D14-9B99-447B-83B4-35275E2BCB48}.Release|iPhoneSimulator.ActiveCfg = Release|Any CPU
		{747B7D14-9B99-447B-83B4-35275E2BCB48}.Release|iPhoneSimulator.Build.0 = Release|Any CPU
		{747B7D14-9B99-447B-83B4-35275E2BCB48}.Release|iPhoneSimulator.Deploy.0 = Release|Any CPU
		{747B7D14-9B99-447B-83B4-35275E2BCB48}.Release|x64.ActiveCfg = Release|x64
		{747B7D14-9B99-447B-83B4-35275E2BCB48}.Release|x64.Build.0 = Release|x64
		{747B7D14-9B99-447B-83B4-35275E2BCB48}.Release|x64.Deploy.0 = Release|x64
		{747B7D14-9B99-447B-83B4-35275E2BCB48}.Release|x86.ActiveCfg = Release|x86
		{747B7D14-9B99-447B-83B4-35275E2BCB48}.Release|x86.Build.0 = Release|x86
		{747B7D14-9B99-447B-83B4-35275E2BCB48}.Release|x86.Deploy.0 = Release|x86
		{8F609DED-983F-48EB-B3AD-867C158B6044}.Ad-Hoc|Any CPU.ActiveCfg = Release|Any CPU
		{8F609DED-983F-48EB-B3AD-867C158B6044}.Ad-Hoc|Any CPU.Build.0 = Release|Any CPU
		{8F609DED-983F-48EB-B3AD-867C158B6044}.Ad-Hoc|ARM.ActiveCfg = Release|Any CPU
		{8F609DED-983F-48EB-B3AD-867C158B6044}.Ad-Hoc|ARM.Build.0 = Release|Any CPU
		{8F609DED-983F-48EB-B3AD-867C158B6044}.Ad-Hoc|iPhone.ActiveCfg = Release|Any CPU
		{8F609DED-983F-48EB-B3AD-867C158B6044}.Ad-Hoc|iPhone.Build.0 = Release|Any CPU
		{8F609DED-983F-48EB-B3AD-867C158B6044}.Ad-Hoc|iPhoneSimulator.ActiveCfg = Release|Any CPU
		{8F609DED-983F-48EB-B3AD-867C158B6044}.Ad-Hoc|iPhoneSimulator.Build.0 = Release|Any CPU
		{8F609DED-983F-48EB-B3AD-867C158B6044}.Ad-Hoc|x64.ActiveCfg = Release|Any CPU
		{8F609DED-983F-48EB-B3AD-867C158B6044}.Ad-Hoc|x64.Build.0 = Release|Any CPU
		{8F609DED-983F-48EB-B3AD-867C158B6044}.Ad-Hoc|x86.ActiveCfg = Release|Any CPU
		{8F609DED-983F-48EB-B3AD-867C158B6044}.Ad-Hoc|x86.Build.0 = Release|Any CPU
		{8F609DED-983F-48EB-B3AD-867C158B6044}.AppStore|Any CPU.ActiveCfg = Release|Any CPU
		{8F609DED-983F-48EB-B3AD-867C158B6044}.AppStore|Any CPU.Build.0 = Release|Any CPU
		{8F609DED-983F-48EB-B3AD-867C158B6044}.AppStore|ARM.ActiveCfg = Release|Any CPU
		{8F609DED-983F-48EB-B3AD-867C158B6044}.AppStore|ARM.Build.0 = Release|Any CPU
		{8F609DED-983F-48EB-B3AD-867C158B6044}.AppStore|iPhone.ActiveCfg = Release|Any CPU
		{8F609DED-983F-48EB-B3AD-867C158B6044}.AppStore|iPhone.Build.0 = Release|Any CPU
		{8F609DED-983F-48EB-B3AD-867C158B6044}.AppStore|iPhoneSimulator.ActiveCfg = Release|Any CPU
		{8F609DED-983F-48EB-B3AD-867C158B6044}.AppStore|iPhoneSimulator.Build.0 = Release|Any CPU
		{8F609DED-983F-48EB-B3AD-867C158B6044}.AppStore|x64.ActiveCfg = Release|Any CPU
		{8F609DED-983F-48EB-B3AD-867C158B6044}.AppStore|x64.Build.0 = Release|Any CPU
		{8F609DED-983F-48EB-B3AD-867C158B6044}.AppStore|x86.ActiveCfg = Release|Any CPU
		{8F609DED-983F-48EB-B3AD-867C158B6044}.AppStore|x86.Build.0 = Release|Any CPU
		{8F609DED-983F-48EB-B3AD-867C158B6044}.Debug|Any CPU.ActiveCfg = Debug|Any CPU
		{8F609DED-983F-48EB-B3AD-867C158B6044}.Debug|Any CPU.Build.0 = Debug|Any CPU
		{8F609DED-983F-48EB-B3AD-867C158B6044}.Debug|ARM.ActiveCfg = Debug|Any CPU
		{8F609DED-983F-48EB-B3AD-867C158B6044}.Debug|ARM.Build.0 = Debug|Any CPU
		{8F609DED-983F-48EB-B3AD-867C158B6044}.Debug|iPhone.ActiveCfg = Debug|Any CPU
		{8F609DED-983F-48EB-B3AD-867C158B6044}.Debug|iPhone.Build.0 = Debug|Any CPU
		{8F609DED-983F-48EB-B3AD-867C158B6044}.Debug|iPhoneSimulator.ActiveCfg = Debug|Any CPU
		{8F609DED-983F-48EB-B3AD-867C158B6044}.Debug|iPhoneSimulator.Build.0 = Debug|Any CPU
		{8F609DED-983F-48EB-B3AD-867C158B6044}.Debug|x64.ActiveCfg = Debug|Any CPU
		{8F609DED-983F-48EB-B3AD-867C158B6044}.Debug|x64.Build.0 = Debug|Any CPU
		{8F609DED-983F-48EB-B3AD-867C158B6044}.Debug|x86.ActiveCfg = Debug|Any CPU
		{8F609DED-983F-48EB-B3AD-867C158B6044}.Debug|x86.Build.0 = Debug|Any CPU
		{8F609DED-983F-48EB-B3AD-867C158B6044}.Release|Any CPU.ActiveCfg = Release|Any CPU
		{8F609DED-983F-48EB-B3AD-867C158B6044}.Release|Any CPU.Build.0 = Release|Any CPU
		{8F609DED-983F-48EB-B3AD-867C158B6044}.Release|ARM.ActiveCfg = Release|Any CPU
		{8F609DED-983F-48EB-B3AD-867C158B6044}.Release|ARM.Build.0 = Release|Any CPU
		{8F609DED-983F-48EB-B3AD-867C158B6044}.Release|iPhone.ActiveCfg = Release|Any CPU
		{8F609DED-983F-48EB-B3AD-867C158B6044}.Release|iPhone.Build.0 = Release|Any CPU
		{8F609DED-983F-48EB-B3AD-867C158B6044}.Release|iPhoneSimulator.ActiveCfg = Release|Any CPU
		{8F609DED-983F-48EB-B3AD-867C158B6044}.Release|iPhoneSimulator.Build.0 = Release|Any CPU
		{8F609DED-983F-48EB-B3AD-867C158B6044}.Release|x64.ActiveCfg = Release|Any CPU
		{8F609DED-983F-48EB-B3AD-867C158B6044}.Release|x64.Build.0 = Release|Any CPU
		{8F609DED-983F-48EB-B3AD-867C158B6044}.Release|x86.ActiveCfg = Release|Any CPU
		{8F609DED-983F-48EB-B3AD-867C158B6044}.Release|x86.Build.0 = Release|Any CPU
	EndGlobalSection
	GlobalSection(SolutionProperties) = preSolution
		HideSolutionNode = FALSE
	EndGlobalSection
EndGlobal
